{
  "version": "v1",
  "packages": {
    "connect-build": {
      "signature": "774a03ccd5192b4098d6b26c5f5174fd",
      "file": true
    },
    "connect-config-loader": {
      "signature": "45d933168d361232f4951ac612b45c54",
      "file": true
    },
    "connect-logger": {
      "signature": "055b62237e29be9e6c77152743fd8331",
      "file": true
    }
  }
}